
Microsoft Visual Studio Solution File, Format Version 12.00
# Visual Studio 15
VisualStudioVersion = 15.0.28010.2026
MinimumVisualStudioVersion = 10.0.40219.1
Project("{F2A71F9B-5D33-465A-A702-920D77279786}") = "ElevatorLib", "ElevatorLib\ElevatorLib.fsproj", "{0454363A-F4AA-4C74-B775-DA217EEEF661}"
EndProject
Project("{F2A71F9B-5D33-465A-A702-920D77279786}") = "ElevatorThing.Tests", "ElevatorThing.Tests\ElevatorThing.Tests.fsproj", "{A86CF2E1-F2E5-416E-B660-9B0B3C850E7A}"
EndProject
Project("{F2A71F9B-5D33-465A-A702-920D77279786}") = "ElevatorLib.Simulation", "ElevatorLib.Simulation\ElevatorLib.Simulation.fsproj", "{16FCB518-C8D2-466D-B402-A4CEDD835726}"
EndProject
Global
	GlobalSection(SolutionConfigurationPlatforms) = preSolution
		Debug|Any CPU = Debug|Any CPU
		Release|Any CPU = Release|Any CPU
	EndGlobalSection
	GlobalSection(ProjectConfigurationPlatforms) = postSolution
		{0454363A-F4AA-4C74-B775-DA217EEEF661}.Debug|Any CPU.ActiveCfg = Debug|Any CPU
		{0454363A-F4AA-4C74-B775-DA217EEEF661}.Debug|Any CPU.Build.0 = Debug|Any CPU
		{0454363A-F4AA-4C74-B775-DA217EEEF661}.Release|Any CPU.ActiveCfg = Release|Any CPU
		{0454363A-F4AA-4C74-B775-DA217EEEF661}.Release|Any CPU.Build.0 = Release|Any CPU
		{A86CF2E1-F2E5-416E-B660-9B0B3C850E7A}.Debug|Any CPU.ActiveCfg = Debug|Any CPU
		{A86CF2E1-F2E5-416E-B660-9B0B3C850E7A}.Debug|Any CPU.Build.0 = Debug|Any CPU
		{A86CF2E1-F2E5-416E-B660-9B0B3C850E7A}.Release|Any CPU.ActiveCfg = Release|Any CPU
		{A86CF2E1-F2E5-416E-B660-9B0B3C850E7A}.Release|Any CPU.Build.0 = Release|Any CPU
		{16FCB518-C8D2-466D-B402-A4CEDD835726}.Debug|Any CPU.ActiveCfg = Debug|Any CPU
		{16FCB518-C8D2-466D-B402-A4CEDD835726}.Debug|Any CPU.Build.0 = Debug|Any CPU
		{16FCB518-C8D2-466D-B402-A4CEDD835726}.Release|Any CPU.ActiveCfg = Release|Any CPU
		{16FCB518-C8D2-466D-B402-A4CEDD835726}.Release|Any CPU.Build.0 = Release|Any CPU
	EndGlobalSection
	GlobalSection(SolutionProperties) = preSolution
		HideSolutionNode = FALSE
	EndGlobalSection
	GlobalSection(ExtensibilityGlobals) = postSolution
		SolutionGuid = {B510ADE2-5449-418D-AFD6-9281A46C09C1}
	EndGlobalSection
EndGlobal
